
Microsoft Visual Studio Solution File, Format Version 12.00
# Visual Studio 15
VisualStudioVersion = 15.0.26124.0
MinimumVisualStudioVersion = 15.0.26124.0
Project("{F2A71F9B-5D33-465A-A702-920D77279786}") = "fss", "fss\fss.fsproj", "{B2CBC1BE-E9EF-449D-9DD1-97F889B6A1AE}"
EndProject
Project("{F2A71F9B-5D33-465A-A702-920D77279786}") = "fss.Tests", "fss.Tests\fss.Tests.fsproj", "{79783C13-5A71-4053-9C68-0F6B4FEA9AE7}"
EndProject
Global
	GlobalSection(SolutionConfigurationPlatforms) = preSolution
		Debug|Any CPU = Debug|Any CPU
		Debug|x64 = Debug|x64
		Debug|x86 = Debug|x86
		Release|Any CPU = Release|Any CPU
		Release|x64 = Release|x64
		Release|x86 = Release|x86
	EndGlobalSection
	GlobalSection(SolutionProperties) = preSolution
		HideSolutionNode = FALSE
	EndGlobalSection
	GlobalSection(ProjectConfigurationPlatforms) = postSolution
		{B2CBC1BE-E9EF-449D-9DD1-97F889B6A1AE}.Debug|Any CPU.ActiveCfg = Debug|Any CPU
		{B2CBC1BE-E9EF-449D-9DD1-97F889B6A1AE}.Debug|Any CPU.Build.0 = Debug|Any CPU
		{B2CBC1BE-E9EF-449D-9DD1-97F889B6A1AE}.Debug|x64.ActiveCfg = Debug|Any CPU
		{B2CBC1BE-E9EF-449D-9DD1-97F889B6A1AE}.Debug|x64.Build.0 = Debug|Any CPU
		{B2CBC1BE-E9EF-449D-9DD1-97F889B6A1AE}.Debug|x86.ActiveCfg = Debug|Any CPU
		{B2CBC1BE-E9EF-449D-9DD1-97F889B6A1AE}.Debug|x86.Build.0 = Debug|Any CPU
		{B2CBC1BE-E9EF-449D-9DD1-97F889B6A1AE}.Release|Any CPU.ActiveCfg = Release|Any CPU
		{B2CBC1BE-E9EF-449D-9DD1-97F889B6A1AE}.Release|Any CPU.Build.0 = Release|Any CPU
		{B2CBC1BE-E9EF-449D-9DD1-97F889B6A1AE}.Release|x64.ActiveCfg = Release|Any CPU
		{B2CBC1BE-E9EF-449D-9DD1-97F889B6A1AE}.Release|x64.Build.0 = Release|Any CPU
		{B2CBC1BE-E9EF-449D-9DD1-97F889B6A1AE}.Release|x86.ActiveCfg = Release|Any CPU
		{B2CBC1BE-E9EF-449D-9DD1-97F889B6A1AE}.Release|x86.Build.0 = Release|Any CPU
		{79783C13-5A71-4053-9C68-0F6B4FEA9AE7}.Debug|Any CPU.ActiveCfg = Debug|Any CPU
		{79783C13-5A71-4053-9C68-0F6B4FEA9AE7}.Debug|Any CPU.Build.0 = Debug|Any CPU
		{79783C13-5A71-4053-9C68-0F6B4FEA9AE7}.Debug|x64.ActiveCfg = Debug|Any CPU
		{79783C13-5A71-4053-9C68-0F6B4FEA9AE7}.Debug|x64.Build.0 = Debug|Any CPU
		{79783C13-5A71-4053-9C68-0F6B4FEA9AE7}.Debug|x86.ActiveCfg = Debug|Any CPU
		{79783C13-5A71-4053-9C68-0F6B4FEA9AE7}.Debug|x86.Build.0 = Debug|Any CPU
		{79783C13-5A71-4053-9C68-0F6B4FEA9AE7}.Release|Any CPU.ActiveCfg = Release|Any CPU
		{79783C13-5A71-4053-9C68-0F6B4FEA9AE7}.Release|Any CPU.Build.0 = Release|Any CPU
		{79783C13-5A71-4053-9C68-0F6B4FEA9AE7}.Release|x64.ActiveCfg = Release|Any CPU
		{79783C13-5A71-4053-9C68-0F6B4FEA9AE7}.Release|x64.Build.0 = Release|Any CPU
		{79783C13-5A71-4053-9C68-0F6B4FEA9AE7}.Release|x86.ActiveCfg = Release|Any CPU
		{79783C13-5A71-4053-9C68-0F6B4FEA9AE7}.Release|x86.Build.0 = Release|Any CPU
	EndGlobalSection
EndGlobal
